
Microsoft Visual Studio Solution File, Format Version 12.00
# Visual Studio Version 16
VisualStudioVersion = 16.0.30907.101
MinimumVisualStudioVersion = 10.0.40219.1
Project("{9A19103F-16F7-4668-BE54-9A1E7A4F7556}") = "AmazonAutomation.Specs", "AmazonAutomation.Specs\AmazonAutomation.Specs.csproj", "{B6F58FD4-2D13-4245-9674-C1AE5517B4FF}"
EndProject
Global
	GlobalSection(SolutionConfigurationPlatforms) = preSolution
		Debug|Any CPU = Debug|Any CPU
		Release|Any CPU = Release|Any CPU
	EndGlobalSection
	GlobalSection(ProjectConfigurationPlatforms) = postSolution
		{B6F58FD4-2D13-4245-9674-C1AE5517B4FF}.Debug|Any CPU.ActiveCfg = Debug|Any CPU
		{B6F58FD4-2D13-4245-9674-C1AE5517B4FF}.Debug|Any CPU.Build.0 = Debug|Any CPU
		{B6F58FD4-2D13-4245-9674-C1AE5517B4FF}.Release|Any CPU.ActiveCfg = Release|Any CPU
		{B6F58FD4-2D13-4245-9674-C1AE5517B4FF}.Release|Any CPU.Build.0 = Release|Any CPU
	EndGlobalSection
	GlobalSection(SolutionProperties) = preSolution
		HideSolutionNode = FALSE
	EndGlobalSection
	GlobalSection(ExtensibilityGlobals) = postSolution
		SolutionGuid = {C000A653-80CC-4314-9103-55A4C2F3696E}
	EndGlobalSection
EndGlobal
